// !$*UTF8*$!
{
	archiveVersion = 1;
	classes = {
	};
	objectVersion = 50;
	objects = {

/* Begin PBXBuildFile section */
		F3F9180E257EB12B00E72EBF /* AppDelegate.swift in Sources */ = {isa = PBXBuildFile; fileRef = F3F9180D257EB12B00E72EBF /* AppDelegate.swift */; };
		F3F91810257EB12B00E72EBF /* SceneDelegate.swift in Sources */ = {isa = PBXBuildFile; fileRef = F3F9180F257EB12B00E72EBF /* SceneDelegate.swift */; };
		F3F91812257EB12B00E72EBF /* ViewController.swift in Sources */ = {isa = PBXBuildFile; fileRef = F3F91811257EB12B00E72EBF /* ViewController.swift */; };
		F3F91817257EB12D00E72EBF /* Assets.xcassets in Resources */ = {isa = PBXBuildFile; fileRef = F3F91816257EB12D00E72EBF /* Assets.xcassets */; };
		F3F9181A257EB12D00E72EBF /* LaunchScreen.storyboard in Resources */ = {isa = PBXBuildFile; fileRef = F3F91818257EB12D00E72EBF /* LaunchScreen.storyboard */; };
		F3F91824257EB73300E72EBF /* StudentViewController.swift in Sources */ = {isa = PBXBuildFile; fileRef = F3F91823257EB73300E72EBF /* StudentViewController.swift */; };
		F3F91827257EB75800E72EBF /* RecruiterViewController.swift in Sources */ = {isa = PBXBuildFile; fileRef = F3F91826257EB75800E72EBF /* RecruiterViewController.swift */; };
		F3F9182C257EB9EF00E72EBF /* Rubik-Medium.ttf in Resources */ = {isa = PBXBuildFile; fileRef = F3F91829257EB9EF00E72EBF /* Rubik-Medium.ttf */; };
		F3F9182D257EB9EF00E72EBF /* Rubik-Regular.ttf in Resources */ = {isa = PBXBuildFile; fileRef = F3F9182A257EB9EF00E72EBF /* Rubik-Regular.ttf */; };
		F3F9182E257EB9EF00E72EBF /* Rubik-Light.ttf in Resources */ = {isa = PBXBuildFile; fileRef = F3F9182B257EB9EF00E72EBF /* Rubik-Light.ttf */; };
		F3F91837258014D000E72EBF /* PositionCollectionViewCell.swift in Sources */ = {isa = PBXBuildFile; fileRef = F3F91836258014D000E72EBF /* PositionCollectionViewCell.swift */; };
		F3F9183A2580220E00E72EBF /* Position.swift in Sources */ = {isa = PBXBuildFile; fileRef = F3F918392580220E00E72EBF /* Position.swift */; };
/* End PBXBuildFile section */

/* Begin PBXFileReference section */
		F3F9180A257EB12B00E72EBF /* Internship.app */ = {isa = PBXFileReference; explicitFileType = wrapper.application; includeInIndex = 0; path = Internship.app; sourceTree = BUILT_PRODUCTS_DIR; };
		F3F9180D257EB12B00E72EBF /* AppDelegate.swift */ = {isa = PBXFileReference; lastKnownFileType = sourcecode.swift; path = AppDelegate.swift; sourceTree = "<group>"; };
		F3F9180F257EB12B00E72EBF /* SceneDelegate.swift */ = {isa = PBXFileReference; lastKnownFileType = sourcecode.swift; path = SceneDelegate.swift; sourceTree = "<group>"; };
		F3F91811257EB12B00E72EBF /* ViewController.swift */ = {isa = PBXFileReference; lastKnownFileType = sourcecode.swift; path = ViewController.swift; sourceTree = "<group>"; };
		F3F91816257EB12D00E72EBF /* Assets.xcassets */ = {isa = PBXFileReference; lastKnownFileType = folder.assetcatalog; path = Assets.xcassets; sourceTree = "<group>"; };
		F3F91819257EB12D00E72EBF /* Base */ = {isa = PBXFileReference; lastKnownFileType = file.storyboard; name = Base; path = Base.lproj/LaunchScreen.storyboard; sourceTree = "<group>"; };
		F3F9181B257EB12D00E72EBF /* Info.plist */ = {isa = PBXFileReference; lastKnownFileType = text.plist.xml; path = Info.plist; sourceTree = "<group>"; };
		F3F91823257EB73300E72EBF /* StudentViewController.swift */ = {isa = PBXFileReference; lastKnownFileType = sourcecode.swift; path = StudentViewController.swift; sourceTree = "<group>"; };
		F3F91826257EB75800E72EBF /* RecruiterViewController.swift */ = {isa = PBXFileReference; lastKnownFileType = sourcecode.swift; path = RecruiterViewController.swift; sourceTree = "<group>"; };
		F3F91829257EB9EF00E72EBF /* Rubik-Medium.ttf */ = {isa = PBXFileReference; lastKnownFileType = file; path = "Rubik-Medium.ttf"; sourceTree = "<group>"; };
		F3F9182A257EB9EF00E72EBF /* Rubik-Regular.ttf */ = {isa = PBXFileReference; lastKnownFileType = file; path = "Rubik-Regular.ttf"; sourceTree = "<group>"; };
		F3F9182B257EB9EF00E72EBF /* Rubik-Light.ttf */ = {isa = PBXFileReference; lastKnownFileType = file; path = "Rubik-Light.ttf"; sourceTree = "<group>"; };
		F3F91836258014D000E72EBF /* PositionCollectionViewCell.swift */ = {isa = PBXFileReference; lastKnownFileType = sourcecode.swift; path = PositionCollectionViewCell.swift; sourceTree = "<group>"; };
		F3F918392580220E00E72EBF /* Position.swift */ = {isa = PBXFileReference; lastKnownFileType = sourcecode.swift; path = Position.swift; sourceTree = "<group>"; };
/* End PBXFileReference section */

/* Begin PBXFrameworksBuildPhase section */
		F3F91807257EB12B00E72EBF /* Frameworks */ = {
			isa = PBXFrameworksBuildPhase;
			buildActionMask = 2147483647;
			files = (
			);
			runOnlyForDeploymentPostprocessing = 0;
		};
/* End PBXFrameworksBuildPhase section */

/* Begin PBXGroup section */
		F3F91801257EB12B00E72EBF = {
			isa = PBXGroup;
			children = (
				F3F9180C257EB12B00E72EBF /* Internship */,
				F3F9180B257EB12B00E72EBF /* Products */,
			);
			sourceTree = "<group>";
		};
		F3F9180B257EB12B00E72EBF /* Products */ = {
			isa = PBXGroup;
			children = (
				F3F9180A257EB12B00E72EBF /* Internship.app */,
			);
			name = Products;
			sourceTree = "<group>";
		};
		F3F9180C257EB12B00E72EBF /* Internship */ = {
			isa = PBXGroup;
			children = (
				F3F9180D257EB12B00E72EBF /* AppDelegate.swift */,
				F3F9180F257EB12B00E72EBF /* SceneDelegate.swift */,
				F3F91811257EB12B00E72EBF /* ViewController.swift */,
				F3F9182B257EB9EF00E72EBF /* Rubik-Light.ttf */,
				F3F91829257EB9EF00E72EBF /* Rubik-Medium.ttf */,
				F3F9182A257EB9EF00E72EBF /* Rubik-Regular.ttf */,
				F3F91823257EB73300E72EBF /* StudentViewController.swift */,
				F3F918392580220E00E72EBF /* Position.swift */,
				F3F91836258014D000E72EBF /* PositionCollectionViewCell.swift */,
				F3F91826257EB75800E72EBF /* RecruiterViewController.swift */,
				F3F91816257EB12D00E72EBF /* Assets.xcassets */,
				F3F91818257EB12D00E72EBF /* LaunchScreen.storyboard */,
				F3F9181B257EB12D00E72EBF /* Info.plist */,
			);
			path = Internship;
			sourceTree = "<group>";
		};
/* End PBXGroup section */

/* Begin PBXNativeTarget section */
		F3F91809257EB12B00E72EBF /* Internship */ = {
			isa = PBXNativeTarget;
			buildConfigurationList = F3F9181E257EB12D00E72EBF /* Build configuration list for PBXNativeTarget "Internship" */;
			buildPhases = (
				F3F91806257EB12B00E72EBF /* Sources */,
				F3F91807257EB12B00E72EBF /* Frameworks */,
				F3F91808257EB12B00E72EBF /* Resources */,
			);
			buildRules = (
			);
			dependencies = (
			);
			name = Internship;
			productName = Internship;
			productReference = F3F9180A257EB12B00E72EBF /* Internship.app */;
			productType = "com.apple.product-type.application";
		};
/* End PBXNativeTarget section */

/* Begin PBXProject section */
		F3F91802257EB12B00E72EBF /* Project object */ = {
			isa = PBXProject;
			attributes = {
				LastSwiftUpdateCheck = 1220;
				LastUpgradeCheck = 1220;
				TargetAttributes = {
					F3F91809257EB12B00E72EBF = {
						CreatedOnToolsVersion = 12.2;
					};
				};
			};
			buildConfigurationList = F3F91805257EB12B00E72EBF /* Build configuration list for PBXProject "Internship" */;
			compatibilityVersion = "Xcode 9.3";
			developmentRegion = en;
			hasScannedForEncodings = 0;
			knownRegions = (
				en,
				Base,
			);
			mainGroup = F3F91801257EB12B00E72EBF;
			productRefGroup = F3F9180B257EB12B00E72EBF /* Products */;
			projectDirPath = "";
			projectRoot = "";
			targets = (
				F3F91809257EB12B00E72EBF /* Internship */,
			);
		};
/* End PBXProject section */

/* Begin PBXResourcesBuildPhase section */
		F3F91808257EB12B00E72EBF /* Resources */ = {
			isa = PBXResourcesBuildPhase;
			buildActionMask = 2147483647;
			files = (
				F3F9182C257EB9EF00E72EBF /* Rubik-Medium.ttf in Resources */,
				F3F9182D257EB9EF00E72EBF /* Rubik-Regular.ttf in Resources */,
				F3F9182E257EB9EF00E72EBF /* Rubik-Light.ttf in Resources */,
				F3F9181A257EB12D00E72EBF /* LaunchScreen.storyboard in Resources */,
				F3F91817257EB12D00E72EBF /* Assets.xcassets in Resources */,
			);
			runOnlyForDeploymentPostprocessing = 0;
		};
/* End PBXResourcesBuildPhase section */

/* Begin PBXSourcesBuildPhase section */
		F3F91806257EB12B00E72EBF /* Sources */ = {
			isa = PBXSourcesBuildPhase;
			buildActionMask = 2147483647;
			files = (
				F3F9183A2580220E00E72EBF /* Position.swift in Sources */,
				F3F91837258014D000E72EBF /* PositionCollectionViewCell.swift in Sources */,
				F3F91824257EB73300E72EBF /* StudentViewController.swift in Sources */,
				F3F91812257EB12B00E72EBF /* ViewController.swift in Sources */,
				F3F91827257EB75800E72EBF /* RecruiterViewController.swift in Sources */,
				F3F9180E257EB12B00E72EBF /* AppDelegate.swift in Sources */,
				F3F91810257EB12B00E72EBF /* SceneDelegate.swift in Sources */,
			);
			runOnlyForDeploymentPostprocessing = 0;
		};
/* End PBXSourcesBuildPhase section */

/* Begin PBXVariantGroup section */
		F3F91818257EB12D00E72EBF /* LaunchScreen.storyboard */ = {
			isa = PBXVariantGroup;
			children = (
				F3F91819257EB12D00E72EBF /* Base */,
			);
			name = LaunchScreen.storyboard;
			sourceTree = "<group>";
		};
/* End PBXVariantGroup section */

/* Begin XCBuildConfiguration section */
		F3F9181C257EB12D00E72EBF /* Debug */ = {
			isa = XCBuildConfiguration;
			buildSettings = {
				ALWAYS_SEARCH_USER_PATHS = NO;
				CLANG_ANALYZER_NONNULL = YES;
				CLANG_ANALYZER_NUMBER_OBJECT_CONVERSION = YES_AGGRESSIVE;
				CLANG_CXX_LANGUAGE_STANDARD = "gnu++14";
				CLANG_CXX_LIBRARY = "libc++";
				CLANG_ENABLE_MODULES = YES;
				CLANG_ENABLE_OBJC_ARC = YES;
				CLANG_ENABLE_OBJC_WEAK = YES;
				CLANG_WARN_BLOCK_CAPTURE_AUTORELEASING = YES;
				CLANG_WARN_BOOL_CONVERSION = YES;
				CLANG_WARN_COMMA = YES;
				CLANG_WARN_CONSTANT_CONVERSION = YES;
				CLANG_WARN_DEPRECATED_OBJC_IMPLEMENTATIONS = YES;
				CLANG_WARN_DIRECT_OBJC_ISA_USAGE = YES_ERROR;
				CLANG_WARN_DOCUMENTATION_COMMENTS = YES;
				CLANG_WARN_EMPTY_BODY = YES;
				CLANG_WARN_ENUM_CONVERSION = YES;
				CLANG_WARN_INFINITE_RECURSION = YES;
				CLANG_WARN_INT_CONVERSION = YES;
				CLANG_WARN_NON_LITERAL_NULL_CONVERSION = YES;
				CLANG_WARN_OBJC_IMPLICIT_RETAIN_SELF = YES;
				CLANG_WARN_OBJC_LITERAL_CONVERSION = YES;
				CLANG_WARN_OBJC_ROOT_CLASS = YES_ERROR;
				CLANG_WARN_QUOTED_INCLUDE_IN_FRAMEWORK_HEADER = YES;
				CLANG_WARN_RANGE_LOOP_ANALYSIS = YES;
				CLANG_WARN_STRICT_PROTOTYPES = YES;
				CLANG_WARN_SUSPICIOUS_MOVE = YES;
				CLANG_WARN_UNGUARDED_AVAILABILITY = YES_AGGRESSIVE;
				CLANG_WARN_UNREACHABLE_CODE = YES;
				CLANG_WARN__DUPLICATE_METHOD_MATCH = YES;
				COPY_PHASE_STRIP = NO;
				DEBUG_INFORMATION_FORMAT = dwarf;
				ENABLE_STRICT_OBJC_MSGSEND = YES;
				ENABLE_TESTABILITY = YES;
				GCC_C_LANGUAGE_STANDARD = gnu11;
				GCC_DYNAMIC_NO_PIC = NO;
				GCC_NO_COMMON_BLOCKS = YES;
				GCC_OPTIMIZATION_LEVEL = 0;
				GCC_PREPROCESSOR_DEFINITIONS = (
					"DEBUG=1",
					"$(inherited)",
				);
				GCC_WARN_64_TO_32_BIT_CONVERSION = YES;
				GCC_WARN_ABOUT_RETURN_TYPE = YES_ERROR;
				GCC_WARN_UNDECLARED_SELECTOR = YES;
				GCC_WARN_UNINITIALIZED_AUTOS = YES_AGGRESSIVE;
				GCC_WARN_UNUSED_FUNCTION = YES;
				GCC_WARN_UNUSED_VARIABLE = YES;
				IPHONEOS_DEPLOYMENT_TARGET = 14.2;
				MTL_ENABLE_DEBUG_INFO = INCLUDE_SOURCE;
				MTL_FAST_MATH = YES;
				ONLY_ACTIVE_ARCH = YES;
				SDKROOT = iphoneos;
				SWIFT_ACTIVE_COMPILATION_CONDITIONS = DEBUG;
				SWIFT_OPTIMIZATION_LEVEL = "-Onone";
			};
			name = Debug;
		};
		F3F9181D257EB12D00E72EBF /* Release */ = {
			isa = XCBuildConfiguration;
			buildSettings = {
				ALWAYS_SEARCH_USER_PATHS = NO;
				CLANG_ANALYZER_NONNULL = YES;
				CLANG_ANALYZER_NUMBER_OBJECT_CONVERSION = YES_AGGRESSIVE;
				CLANG_CXX_LANGUAGE_STANDARD = "gnu++14";
				CLANG_CXX_LIBRARY = "libc++";
				CLANG_ENABLE_MODULES = YES;
				CLANG_ENABLE_OBJC_ARC = YES;
				CLANG_ENABLE_OBJC_WEAK = YES;
				CLANG_WARN_BLOCK_CAPTURE_AUTORELEASING = YES;
				CLANG_WARN_BOOL_CONVERSION = YES;
				CLANG_WARN_COMMA = YES;
				CLANG_WARN_CONSTANT_CONVERSION = YES;
				CLANG_WARN_DEPRECATED_OBJC_IMPLEMENTATIONS = YES;
				CLANG_WARN_DIRECT_OBJC_ISA_USAGE = YES_ERROR;
				CLANG_WARN_DOCUMENTATION_COMMENTS = YES;
				CLANG_WARN_EMPTY_BODY = YES;
				CLANG_WARN_ENUM_CONVERSION = YES;
				CLANG_WARN_INFINITE_RECURSION = YES;
				CLANG_WARN_INT_CONVERSION = YES;
				CLANG_WARN_NON_LITERAL_NULL_CONVERSION = YES;
				CLANG_WARN_OBJC_IMPLICIT_RETAIN_SELF = YES;
				CLANG_WARN_OBJC_LITERAL_CONVERSION = YES;
				CLANG_WARN_OBJC_ROOT_CLASS = YES_ERROR;
				CLANG_WARN_QUOTED_INCLUDE_IN_FRAMEWORK_HEADER = YES;
				CLANG_WARN_RANGE_LOOP_ANALYSIS = YES;
				CLANG_WARN_STRICT_PROTOTYPES = YES;
				CLANG_WARN_SUSPICIOUS_MOVE = YES;
				CLANG_WARN_UNGUARDED_AVAILABILITY = YES_AGGRESSIVE;
				CLANG_WARN_UNREACHABLE_CODE = YES;
				CLANG_WARN__DUPLICATE_METHOD_MATCH = YES;
				COPY_PHASE_STRIP = NO;
				DEBUG_INFORMATION_FORMAT = "dwarf-with-dsym";
				ENABLE_NS_ASSERTIONS = NO;
				ENABLE_STRICT_OBJC_MSGSEND = YES;
				GCC_C_LANGUAGE_STANDARD = gnu11;
				GCC_NO_COMMON_BLOCKS = YES;
				GCC_WARN_64_TO_32_BIT_CONVERSION = YES;
				GCC_WARN_ABOUT_RETURN_TYPE = YES_ERROR;
				GCC_WARN_UNDECLARED_SELECTOR = YES;
				GCC_WARN_UNINITIALIZED_AUTOS = YES_AGGRESSIVE;
				GCC_WARN_UNUSED_FUNCTION = YES;
				GCC_WARN_UNUSED_VARIABLE = YES;
				IPHONEOS_DEPLOYMENT_TARGET = 14.2;
				MTL_ENABLE_DEBUG_INFO = NO;
				MTL_FAST_MATH = YES;
				SDKROOT = iphoneos;
				SWIFT_COMPILATION_MODE = wholemodule;
				SWIFT_OPTIMIZATION_LEVEL = "-O";
				VALIDATE_PRODUCT = YES;
			};
			name = Release;
		};
		F3F9181F257EB12D00E72EBF /* Debug */ = {
			isa = XCBuildConfiguration;
			buildSettings = {
				ASSETCATALOG_COMPILER_APPICON_NAME = AppIcon;
				ASSETCATALOG_COMPILER_GLOBAL_ACCENT_COLOR_NAME = AccentColor;
				CODE_SIGN_STYLE = Automatic;
				DEVELOPMENT_TEAM = 4SV7ZL266B;
				INFOPLIST_FILE = Internship/Info.plist;
				LD_RUNPATH_SEARCH_PATHS = (
					"$(inherited)",
					"@executable_path/Frameworks",
				);
				PRODUCT_BUNDLE_IDENTIFIER = YuanhaoZhu.Internship;
				PRODUCT_NAME = "$(TARGET_NAME)";
				SWIFT_VERSION = 5.0;
				TARGETED_DEVICE_FAMILY = "1,2";
			};
			name = Debug;
		};
		F3F91820257EB12D00E72EBF /* Release */ = {
			isa = XCBuildConfiguration;
			buildSettings = {
				ASSETCATALOG_COMPILER_APPICON_NAME = AppIcon;
				ASSETCATALOG_COMPILER_GLOBAL_ACCENT_COLOR_NAME = AccentColor;
				CODE_SIGN_STYLE = Automatic;
				DEVELOPMENT_TEAM = 4SV7ZL266B;
				INFOPLIST_FILE = Internship/Info.plist;
				LD_RUNPATH_SEARCH_PATHS = (
					"$(inherited)",
					"@executable_path/Frameworks",
				);
				PRODUCT_BUNDLE_IDENTIFIER = YuanhaoZhu.Internship;
				PRODUCT_NAME = "$(TARGET_NAME)";
				SWIFT_VERSION = 5.0;
				TARGETED_DEVICE_FAMILY = "1,2";
			};
			name = Release;
		};
/* End XCBuildConfiguration section */

/* Begin XCConfigurationList section */
		F3F91805257EB12B00E72EBF /* Build configuration list for PBXProject "Internship" */ = {
			isa = XCConfigurationList;
			buildConfigurations = (
				F3F9181C257EB12D00E72EBF /* Debug */,
				F3F9181D257EB12D00E72EBF /* Release */,
			);
			defaultConfigurationIsVisible = 0;
			defaultConfigurationName = Release;
		};
		F3F9181E257EB12D00E72EBF /* Build configuration list for PBXNativeTarget "Internship" */ = {
			isa = XCConfigurationList;
			buildConfigurations = (
				F3F9181F257EB12D00E72EBF /* Debug */,
				F3F91820257EB12D00E72EBF /* Release */,
			);
			defaultConfigurationIsVisible = 0;
			defaultConfigurationName = Release;
		};
/* End XCConfigurationList section */
	};
	rootObject = F3F91802257EB12B00E72EBF /* Project object */;
}
